{
  "name": "platform-test",
  "version": "1.0.0",
  "lockfileVersion": 3,
  "requires": true,
  "packages": {
    "": {
      "name": "platform-test",
      "version": "1.0.0",
      "license": "ISC",
      "dependencies": {
        "@sleeper-g/platform-node-test": "^1.0.0"
      }
    },
    "node_modules/@sleeper-g/platform-node-test": {
      "version": "1.0.0",
      "resolved": "https://npm.pkg.github.com/download/@sleeper-g/platform-node-test/1.0.0/5427491824c3f48cc388e375584f0151f3637902",
      "integrity": "sha512-HyY+/Z8XUAzcrId3n1goLRhaooK0A8fkYSm1b5EA8AD7e+hNZZsbNQ12yvG15Flk4AcUWTcLJf6rdRt2gzGGGA==",
      "license": "ISC"
    }
  }
}
